
Microsoft Visual Studio Solution File, Format Version 12.00
# Visual Studio Version 17
VisualStudioVersion = 17.12.35521.163 d17.12
MinimumVisualStudioVersion = 10.0.40219.1
Project("{FAE04EC0-301F-11D3-BF4B-00C04F79EFBC}") = "Godtur", "Godtur\Godtur.csproj", "{6DE97F49-0A33-4768-8FAC-A39E39EB63ED}"
EndProject
Global
	GlobalSection(SolutionConfigurationPlatforms) = preSolution
		Debug|Any CPU = Debug|Any CPU
		Release|Any CPU = Release|Any CPU
	EndGlobalSection
	GlobalSection(ProjectConfigurationPlatforms) = postSolution
		{6DE97F49-0A33-4768-8FAC-A39E39EB63ED}.Debug|Any CPU.ActiveCfg = Debug|Any CPU
		{6DE97F49-0A33-4768-8FAC-A39E39EB63ED}.Debug|Any CPU.Build.0 = Debug|Any CPU
		{6DE97F49-0A33-4768-8FAC-A39E39EB63ED}.Release|Any CPU.ActiveCfg = Release|Any CPU
		{6DE97F49-0A33-4768-8FAC-A39E39EB63ED}.Release|Any CPU.Build.0 = Release|Any CPU
	EndGlobalSection
	GlobalSection(SolutionProperties) = preSolution
		HideSolutionNode = FALSE
	EndGlobalSection
EndGlobal
